
Microsoft Visual Studio Solution File, Format Version 12.00
# Visual Studio 2013
VisualStudioVersion = 12.0.30501.0
MinimumVisualStudioVersion = 10.0.40219.1
Project("{FAE04EC0-301F-11D3-BF4B-00C04F79EFBC}") = "EnsureArg", "EnsureArg\EnsureArg.csproj", "{3ED70ED3-855C-4DFB-8561-1894B496ECFA}"
EndProject
Project("{FAE04EC0-301F-11D3-BF4B-00C04F79EFBC}") = "EnsureArg.Tests", "EnsureArg.Tests\EnsureArg.Tests.csproj", "{A459790D-695A-45AA-BB04-A71ECFBE8145}"
EndProject
Project("{FAE04EC0-301F-11D3-BF4B-00C04F79EFBC}") = "EnsureArg.BclExtensions", "EnsureArg.BclExtensions\EnsureArg.BclExtensions.csproj", "{209C0504-F896-4B4D-AE10-955D0649681A}"
EndProject
Project("{FAE04EC0-301F-11D3-BF4B-00C04F79EFBC}") = "EnsureArg.BclExtensions.Tests", "EnsureArg.BclExtensions.Tests\EnsureArg.BclExtensions.Tests.csproj", "{362F8AEF-8D6B-46DC-8387-038E668049B2}"
EndProject
Global
	GlobalSection(SolutionConfigurationPlatforms) = preSolution
		Debug|Any CPU = Debug|Any CPU
		Release|Any CPU = Release|Any CPU
	EndGlobalSection
	GlobalSection(ProjectConfigurationPlatforms) = postSolution
		{3ED70ED3-855C-4DFB-8561-1894B496ECFA}.Debug|Any CPU.ActiveCfg = Debug|Any CPU
		{3ED70ED3-855C-4DFB-8561-1894B496ECFA}.Debug|Any CPU.Build.0 = Debug|Any CPU
		{3ED70ED3-855C-4DFB-8561-1894B496ECFA}.Release|Any CPU.ActiveCfg = Release|Any CPU
		{3ED70ED3-855C-4DFB-8561-1894B496ECFA}.Release|Any CPU.Build.0 = Release|Any CPU
		{A459790D-695A-45AA-BB04-A71ECFBE8145}.Debug|Any CPU.ActiveCfg = Debug|Any CPU
		{A459790D-695A-45AA-BB04-A71ECFBE8145}.Debug|Any CPU.Build.0 = Debug|Any CPU
		{A459790D-695A-45AA-BB04-A71ECFBE8145}.Release|Any CPU.ActiveCfg = Release|Any CPU
		{A459790D-695A-45AA-BB04-A71ECFBE8145}.Release|Any CPU.Build.0 = Release|Any CPU
		{209C0504-F896-4B4D-AE10-955D0649681A}.Debug|Any CPU.ActiveCfg = Debug|Any CPU
		{209C0504-F896-4B4D-AE10-955D0649681A}.Debug|Any CPU.Build.0 = Debug|Any CPU
		{209C0504-F896-4B4D-AE10-955D0649681A}.Release|Any CPU.ActiveCfg = Release|Any CPU
		{209C0504-F896-4B4D-AE10-955D0649681A}.Release|Any CPU.Build.0 = Release|Any CPU
		{362F8AEF-8D6B-46DC-8387-038E668049B2}.Debug|Any CPU.ActiveCfg = Debug|Any CPU
		{362F8AEF-8D6B-46DC-8387-038E668049B2}.Debug|Any CPU.Build.0 = Debug|Any CPU
		{362F8AEF-8D6B-46DC-8387-038E668049B2}.Release|Any CPU.ActiveCfg = Release|Any CPU
		{362F8AEF-8D6B-46DC-8387-038E668049B2}.Release|Any CPU.Build.0 = Release|Any CPU
	EndGlobalSection
	GlobalSection(SolutionProperties) = preSolution
		HideSolutionNode = FALSE
	EndGlobalSection
EndGlobal
