
Microsoft Visual Studio Solution File, Format Version 12.00
# Visual Studio 14
VisualStudioVersion = 14.0.23107.0
MinimumVisualStudioVersion = 10.0.40219.1
Project("{FAE04EC0-301F-11D3-BF4B-00C04F79EFBC}") = "EnsureArg", "EnsureArg\EnsureArg.csproj", "{3ED70ED3-855C-4DFB-8561-1894B496ECFA}"
EndProject
Project("{FAE04EC0-301F-11D3-BF4B-00C04F79EFBC}") = "EnsureArg.Tests", "EnsureArg.Tests\EnsureArg.Tests.csproj", "{A459790D-695A-45AA-BB04-A71ECFBE8145}"
EndProject
Project("{FAE04EC0-301F-11D3-BF4B-00C04F79EFBC}") = "EnsureArg.BclExtensions", "EnsureArg.BclExtensions\EnsureArg.BclExtensions.csproj", "{209C0504-F896-4B4D-AE10-955D0649681A}"
EndProject
Project("{FAE04EC0-301F-11D3-BF4B-00C04F79EFBC}") = "EnsureArg.BclExtensions.Tests", "EnsureArg.BclExtensions.Tests\EnsureArg.BclExtensions.Tests.csproj", "{362F8AEF-8D6B-46DC-8387-038E668049B2}"
EndProject
Project("{FAE04EC0-301F-11D3-BF4B-00C04F79EFBC}") = "EnsureArg.Examples", "EnsureArg.Examples\EnsureArg.Examples.csproj", "{1C1DD6FD-C220-45A5-91A0-E78EC3DDAA84}"
EndProject
Project("{2150E333-8FDC-42A3-9474-1A3956D46DE8}") = ".nuget", ".nuget", "{02D3E238-92FC-4B2C-86CE-94F08E79D49F}"
	ProjectSection(SolutionItems) = preProject
		.nuget\packages.config = .nuget\packages.config
	EndProjectSection
EndProject
Project("{2150E333-8FDC-42A3-9474-1A3956D46DE8}") = "EnsureArg.T4Scripts", "EnsureArg.T4Scripts", "{37E15800-3EDD-4959-B21E-BCDDABC111FA}"
	ProjectSection(SolutionItems) = preProject
		EnsureArg.T4Scripts\EnsureArgCommon.t4 = EnsureArg.T4Scripts\EnsureArgCommon.t4
		EnsureArg.T4Scripts\GetValueMethod.t4 = EnsureArg.T4Scripts\GetValueMethod.t4
	EndProjectSection
EndProject
Project("{FAE04EC0-301F-11D3-BF4B-00C04F79EFBC}") = "EnsureArgAnalyzers", "EnsureArgAnalyzers\EnsureArgAnalyzers\EnsureArgAnalyzers.csproj", "{32EA409D-D483-463F-95BE-BEB210B66D93}"
EndProject
Project("{FAE04EC0-301F-11D3-BF4B-00C04F79EFBC}") = "EnsureArgAnalyzers.Test", "EnsureArgAnalyzers\EnsureArgAnalyzers.Test\EnsureArgAnalyzers.Test.csproj", "{9C9D110E-905A-4ACA-A2D5-ABFAEA5D552F}"
EndProject
Project("{FAE04EC0-301F-11D3-BF4B-00C04F79EFBC}") = "EnsureArgAnalyzers.Vsix", "EnsureArgAnalyzers\EnsureArgAnalyzers.Vsix\EnsureArgAnalyzers.Vsix.csproj", "{737D9BF3-910F-4113-BB4B-588F6183F658}"
EndProject
Global
	GlobalSection(SolutionConfigurationPlatforms) = preSolution
		Debug|Any CPU = Debug|Any CPU
		Release|Any CPU = Release|Any CPU
	EndGlobalSection
	GlobalSection(ProjectConfigurationPlatforms) = postSolution
		{3ED70ED3-855C-4DFB-8561-1894B496ECFA}.Debug|Any CPU.ActiveCfg = Debug|Any CPU
		{3ED70ED3-855C-4DFB-8561-1894B496ECFA}.Debug|Any CPU.Build.0 = Debug|Any CPU
		{3ED70ED3-855C-4DFB-8561-1894B496ECFA}.Release|Any CPU.ActiveCfg = Release|Any CPU
		{3ED70ED3-855C-4DFB-8561-1894B496ECFA}.Release|Any CPU.Build.0 = Release|Any CPU
		{A459790D-695A-45AA-BB04-A71ECFBE8145}.Debug|Any CPU.ActiveCfg = Debug|Any CPU
		{A459790D-695A-45AA-BB04-A71ECFBE8145}.Debug|Any CPU.Build.0 = Debug|Any CPU
		{A459790D-695A-45AA-BB04-A71ECFBE8145}.Release|Any CPU.ActiveCfg = Release|Any CPU
		{A459790D-695A-45AA-BB04-A71ECFBE8145}.Release|Any CPU.Build.0 = Release|Any CPU
		{209C0504-F896-4B4D-AE10-955D0649681A}.Debug|Any CPU.ActiveCfg = Debug|Any CPU
		{209C0504-F896-4B4D-AE10-955D0649681A}.Debug|Any CPU.Build.0 = Debug|Any CPU
		{209C0504-F896-4B4D-AE10-955D0649681A}.Release|Any CPU.ActiveCfg = Release|Any CPU
		{209C0504-F896-4B4D-AE10-955D0649681A}.Release|Any CPU.Build.0 = Release|Any CPU
		{362F8AEF-8D6B-46DC-8387-038E668049B2}.Debug|Any CPU.ActiveCfg = Debug|Any CPU
		{362F8AEF-8D6B-46DC-8387-038E668049B2}.Debug|Any CPU.Build.0 = Debug|Any CPU
		{362F8AEF-8D6B-46DC-8387-038E668049B2}.Release|Any CPU.ActiveCfg = Release|Any CPU
		{362F8AEF-8D6B-46DC-8387-038E668049B2}.Release|Any CPU.Build.0 = Release|Any CPU
		{1C1DD6FD-C220-45A5-91A0-E78EC3DDAA84}.Debug|Any CPU.ActiveCfg = Debug|Any CPU
		{1C1DD6FD-C220-45A5-91A0-E78EC3DDAA84}.Debug|Any CPU.Build.0 = Debug|Any CPU
		{1C1DD6FD-C220-45A5-91A0-E78EC3DDAA84}.Release|Any CPU.ActiveCfg = Release|Any CPU
		{1C1DD6FD-C220-45A5-91A0-E78EC3DDAA84}.Release|Any CPU.Build.0 = Release|Any CPU
		{32EA409D-D483-463F-95BE-BEB210B66D93}.Debug|Any CPU.ActiveCfg = Debug|Any CPU
		{32EA409D-D483-463F-95BE-BEB210B66D93}.Debug|Any CPU.Build.0 = Debug|Any CPU
		{32EA409D-D483-463F-95BE-BEB210B66D93}.Release|Any CPU.ActiveCfg = Release|Any CPU
		{32EA409D-D483-463F-95BE-BEB210B66D93}.Release|Any CPU.Build.0 = Release|Any CPU
		{9C9D110E-905A-4ACA-A2D5-ABFAEA5D552F}.Debug|Any CPU.ActiveCfg = Debug|Any CPU
		{9C9D110E-905A-4ACA-A2D5-ABFAEA5D552F}.Debug|Any CPU.Build.0 = Debug|Any CPU
		{9C9D110E-905A-4ACA-A2D5-ABFAEA5D552F}.Release|Any CPU.ActiveCfg = Release|Any CPU
		{9C9D110E-905A-4ACA-A2D5-ABFAEA5D552F}.Release|Any CPU.Build.0 = Release|Any CPU
		{737D9BF3-910F-4113-BB4B-588F6183F658}.Debug|Any CPU.ActiveCfg = Debug|Any CPU
		{737D9BF3-910F-4113-BB4B-588F6183F658}.Debug|Any CPU.Build.0 = Debug|Any CPU
		{737D9BF3-910F-4113-BB4B-588F6183F658}.Release|Any CPU.ActiveCfg = Release|Any CPU
		{737D9BF3-910F-4113-BB4B-588F6183F658}.Release|Any CPU.Build.0 = Release|Any CPU
	EndGlobalSection
	GlobalSection(SolutionProperties) = preSolution
		HideSolutionNode = FALSE
	EndGlobalSection
EndGlobal
